
Microsoft Visual Studio Solution File, Format Version 12.00
# Visual Studio Version 18
VisualStudioVersion = 18.0.11222.15 d18.0
MinimumVisualStudioVersion = 10.0.40219.1
Project("{FAE04EC0-301F-11D3-BF4B-00C04F79EFBC}") = "EireneWebAPI", "EireneWepAPI\EireneWebAPI.csproj", "{3448BCF1-97EC-4F83-8A66-01F70F343117}"
EndProject
Project("{FAE04EC0-301F-11D3-BF4B-00C04F79EFBC}") = "DAL", "DAL\DAL.csproj", "{BC5D1B34-6690-461D-B7F2-C30645717271}"
EndProject
Project("{FAE04EC0-301F-11D3-BF4B-00C04F79EFBC}") = "BLL", "BLL\BLL.csproj", "{14177C06-CF04-40C5-BDEE-D79E9FD32BEA}"
EndProject
Project("{FAE04EC0-301F-11D3-BF4B-00C04F79EFBC}") = "EireneMVC", "EireneMVC\EireneMVC.csproj", "{D581EA88-BC0E-42F2-9081-1138A91BA925}"
EndProject
Global
	GlobalSection(SolutionConfigurationPlatforms) = preSolution
		Debug|Any CPU = Debug|Any CPU
		Release|Any CPU = Release|Any CPU
	EndGlobalSection
	GlobalSection(ProjectConfigurationPlatforms) = postSolution
		{3448BCF1-97EC-4F83-8A66-01F70F343117}.Debug|Any CPU.ActiveCfg = Debug|Any CPU
		{3448BCF1-97EC-4F83-8A66-01F70F343117}.Debug|Any CPU.Build.0 = Debug|Any CPU
		{3448BCF1-97EC-4F83-8A66-01F70F343117}.Release|Any CPU.ActiveCfg = Release|Any CPU
		{3448BCF1-97EC-4F83-8A66-01F70F343117}.Release|Any CPU.Build.0 = Release|Any CPU
		{BC5D1B34-6690-461D-B7F2-C30645717271}.Debug|Any CPU.ActiveCfg = Debug|Any CPU
		{BC5D1B34-6690-461D-B7F2-C30645717271}.Debug|Any CPU.Build.0 = Debug|Any CPU
		{BC5D1B34-6690-461D-B7F2-C30645717271}.Release|Any CPU.ActiveCfg = Release|Any CPU
		{BC5D1B34-6690-461D-B7F2-C30645717271}.Release|Any CPU.Build.0 = Release|Any CPU
		{14177C06-CF04-40C5-BDEE-D79E9FD32BEA}.Debug|Any CPU.ActiveCfg = Debug|Any CPU
		{14177C06-CF04-40C5-BDEE-D79E9FD32BEA}.Debug|Any CPU.Build.0 = Debug|Any CPU
		{14177C06-CF04-40C5-BDEE-D79E9FD32BEA}.Release|Any CPU.ActiveCfg = Release|Any CPU
		{14177C06-CF04-40C5-BDEE-D79E9FD32BEA}.Release|Any CPU.Build.0 = Release|Any CPU
		{D581EA88-BC0E-42F2-9081-1138A91BA925}.Debug|Any CPU.ActiveCfg = Debug|Any CPU
		{D581EA88-BC0E-42F2-9081-1138A91BA925}.Debug|Any CPU.Build.0 = Debug|Any CPU
		{D581EA88-BC0E-42F2-9081-1138A91BA925}.Release|Any CPU.ActiveCfg = Release|Any CPU
		{D581EA88-BC0E-42F2-9081-1138A91BA925}.Release|Any CPU.Build.0 = Release|Any CPU
	EndGlobalSection
	GlobalSection(SolutionProperties) = preSolution
		HideSolutionNode = FALSE
	EndGlobalSection
	GlobalSection(ExtensibilityGlobals) = postSolution
		SolutionGuid = {D2A46C35-E1E2-4BF3-82C6-A965E5A7E6CC}
	EndGlobalSection
EndGlobal
